
Microsoft Visual Studio Solution File, Format Version 12.00
# Visual Studio Version 16
VisualStudioVersion = 16.0.30309.148
MinimumVisualStudioVersion = 10.0.40219.1
Project("{FAE04EC0-301F-11D3-BF4B-00C04F79EFBC}") = "PcGeeker", "PcGeeker\PcGeeker.csproj", "{87E13D78-69A1-4809-8E18-DAEC4D77E19F}"
EndProject
Global
	GlobalSection(SolutionConfigurationPlatforms) = preSolution
		Debug|Any CPU = Debug|Any CPU
		Release|Any CPU = Release|Any CPU
	EndGlobalSection
	GlobalSection(ProjectConfigurationPlatforms) = postSolution
		{87E13D78-69A1-4809-8E18-DAEC4D77E19F}.Debug|Any CPU.ActiveCfg = Debug|Any CPU
		{87E13D78-69A1-4809-8E18-DAEC4D77E19F}.Debug|Any CPU.Build.0 = Debug|Any CPU
		{87E13D78-69A1-4809-8E18-DAEC4D77E19F}.Release|Any CPU.ActiveCfg = Release|Any CPU
		{87E13D78-69A1-4809-8E18-DAEC4D77E19F}.Release|Any CPU.Build.0 = Release|Any CPU
	EndGlobalSection
	GlobalSection(SolutionProperties) = preSolution
		HideSolutionNode = FALSE
	EndGlobalSection
	GlobalSection(ExtensibilityGlobals) = postSolution
		SolutionGuid = {2F4B055A-FE90-4CFA-AC9B-2E5CE5AA3A5F}
	EndGlobalSection
EndGlobal
